// !$*UTF8*$!
{
	archiveVersion = 1;
	classes = {
	};
	objectVersion = 55;
	objects = {

/* Begin PBXBuildFile section */
		1CC62BDD184D1BBA911CC817 /* Pods_LoginCoreDataCrypto_LoginCoreDataCryptoUITests.framework in Frameworks */ = {isa = PBXBuildFile; fileRef = E7EB3F9EC7BA4790B4C697EC /* Pods_LoginCoreDataCrypto_LoginCoreDataCryptoUITests.framework */; };
		489174B22747327200199489 /* AppDelegate.swift in Sources */ = {isa = PBXBuildFile; fileRef = 489174B12747327200199489 /* AppDelegate.swift */; };
		489174B42747327200199489 /* SceneDelegate.swift in Sources */ = {isa = PBXBuildFile; fileRef = 489174B32747327200199489 /* SceneDelegate.swift */; };
		489174B62747327200199489 /* ViewController.swift in Sources */ = {isa = PBXBuildFile; fileRef = 489174B52747327200199489 /* ViewController.swift */; };
		489174BC2747327200199489 /* LoginCoreDataCrypto.xcdatamodeld in Sources */ = {isa = PBXBuildFile; fileRef = 489174BA2747327200199489 /* LoginCoreDataCrypto.xcdatamodeld */; };
		489174BE2747327500199489 /* Assets.xcassets in Resources */ = {isa = PBXBuildFile; fileRef = 489174BD2747327500199489 /* Assets.xcassets */; };
		489174C12747327500199489 /* LaunchScreen.storyboard in Resources */ = {isa = PBXBuildFile; fileRef = 489174BF2747327500199489 /* LaunchScreen.storyboard */; };
		489174CC2747327500199489 /* LoginCoreDataCryptoTests.swift in Sources */ = {isa = PBXBuildFile; fileRef = 489174CB2747327500199489 /* LoginCoreDataCryptoTests.swift */; };
		489174D62747327500199489 /* LoginCoreDataCryptoUITests.swift in Sources */ = {isa = PBXBuildFile; fileRef = 489174D52747327500199489 /* LoginCoreDataCryptoUITests.swift */; };
		489174D82747327500199489 /* LoginCoreDataCryptoUITestsLaunchTests.swift in Sources */ = {isa = PBXBuildFile; fileRef = 489174D72747327500199489 /* LoginCoreDataCryptoUITestsLaunchTests.swift */; };
		58F8560EB400F88D7219D76B /* Pods_LoginCoreDataCryptoTests.framework in Frameworks */ = {isa = PBXBuildFile; fileRef = 8FDDB6021B689FD75CCC2559 /* Pods_LoginCoreDataCryptoTests.framework */; };
		951C3978EEED48BA42C290B9 /* Pods_LoginCoreDataCrypto.framework in Frameworks */ = {isa = PBXBuildFile; fileRef = 15590EDD827D9EF43AF080DF /* Pods_LoginCoreDataCrypto.framework */; };
/* End PBXBuildFile section */

/* Begin PBXContainerItemProxy section */
		489174C82747327500199489 /* PBXContainerItemProxy */ = {
			isa = PBXContainerItemProxy;
			containerPortal = 489174A62747327200199489 /* Project object */;
			proxyType = 1;
			remoteGlobalIDString = 489174AD2747327200199489;
			remoteInfo = LoginCoreDataCrypto;
		};
		489174D22747327500199489 /* PBXContainerItemProxy */ = {
			isa = PBXContainerItemProxy;
			containerPortal = 489174A62747327200199489 /* Project object */;
			proxyType = 1;
			remoteGlobalIDString = 489174AD2747327200199489;
			remoteInfo = LoginCoreDataCrypto;
		};
/* End PBXContainerItemProxy section */

/* Begin PBXFileReference section */
		15590EDD827D9EF43AF080DF /* Pods_LoginCoreDataCrypto.framework */ = {isa = PBXFileReference; explicitFileType = wrapper.framework; includeInIndex = 0; path = Pods_LoginCoreDataCrypto.framework; sourceTree = BUILT_PRODUCTS_DIR; };
		37F13111884F1E98665DB8BB /* Pods-LoginCoreDataCrypto.release.xcconfig */ = {isa = PBXFileReference; includeInIndex = 1; lastKnownFileType = text.xcconfig; name = "Pods-LoginCoreDataCrypto.release.xcconfig"; path = "Target Support Files/Pods-LoginCoreDataCrypto/Pods-LoginCoreDataCrypto.release.xcconfig"; sourceTree = "<group>"; };
		43ACE8E631EEE46B1900DEEA /* Pods-LoginCoreDataCryptoTests.release.xcconfig */ = {isa = PBXFileReference; includeInIndex = 1; lastKnownFileType = text.xcconfig; name = "Pods-LoginCoreDataCryptoTests.release.xcconfig"; path = "Target Support Files/Pods-LoginCoreDataCryptoTests/Pods-LoginCoreDataCryptoTests.release.xcconfig"; sourceTree = "<group>"; };
		489174AE2747327200199489 /* LoginCoreDataCrypto.app */ = {isa = PBXFileReference; explicitFileType = wrapper.application; includeInIndex = 0; path = LoginCoreDataCrypto.app; sourceTree = BUILT_PRODUCTS_DIR; };
		489174B12747327200199489 /* AppDelegate.swift */ = {isa = PBXFileReference; lastKnownFileType = sourcecode.swift; path = AppDelegate.swift; sourceTree = "<group>"; };
		489174B32747327200199489 /* SceneDelegate.swift */ = {isa = PBXFileReference; lastKnownFileType = sourcecode.swift; path = SceneDelegate.swift; sourceTree = "<group>"; };
		489174B52747327200199489 /* ViewController.swift */ = {isa = PBXFileReference; lastKnownFileType = sourcecode.swift; path = ViewController.swift; sourceTree = "<group>"; };
		489174BB2747327200199489 /* LoginCoreDataCrypto.xcdatamodel */ = {isa = PBXFileReference; lastKnownFileType = wrapper.xcdatamodel; path = LoginCoreDataCrypto.xcdatamodel; sourceTree = "<group>"; };
		489174BD2747327500199489 /* Assets.xcassets */ = {isa = PBXFileReference; lastKnownFileType = folder.assetcatalog; path = Assets.xcassets; sourceTree = "<group>"; };
		489174C02747327500199489 /* Base */ = {isa = PBXFileReference; lastKnownFileType = file.storyboard; name = Base; path = Base.lproj/LaunchScreen.storyboard; sourceTree = "<group>"; };
		489174C22747327500199489 /* Info.plist */ = {isa = PBXFileReference; lastKnownFileType = text.plist.xml; path = Info.plist; sourceTree = "<group>"; };
		489174C72747327500199489 /* LoginCoreDataCryptoTests.xctest */ = {isa = PBXFileReference; explicitFileType = wrapper.cfbundle; includeInIndex = 0; path = LoginCoreDataCryptoTests.xctest; sourceTree = BUILT_PRODUCTS_DIR; };
		489174CB2747327500199489 /* LoginCoreDataCryptoTests.swift */ = {isa = PBXFileReference; lastKnownFileType = sourcecode.swift; path = LoginCoreDataCryptoTests.swift; sourceTree = "<group>"; };
		489174D12747327500199489 /* LoginCoreDataCryptoUITests.xctest */ = {isa = PBXFileReference; explicitFileType = wrapper.cfbundle; includeInIndex = 0; path = LoginCoreDataCryptoUITests.xctest; sourceTree = BUILT_PRODUCTS_DIR; };
		489174D52747327500199489 /* LoginCoreDataCryptoUITests.swift */ = {isa = PBXFileReference; lastKnownFileType = sourcecode.swift; path = LoginCoreDataCryptoUITests.swift; sourceTree = "<group>"; };
		489174D72747327500199489 /* LoginCoreDataCryptoUITestsLaunchTests.swift */ = {isa = PBXFileReference; lastKnownFileType = sourcecode.swift; path = LoginCoreDataCryptoUITestsLaunchTests.swift; sourceTree = "<group>"; };
		8FDDB6021B689FD75CCC2559 /* Pods_LoginCoreDataCryptoTests.framework */ = {isa = PBXFileReference; explicitFileType = wrapper.framework; includeInIndex = 0; path = Pods_LoginCoreDataCryptoTests.framework; sourceTree = BUILT_PRODUCTS_DIR; };
		933FCF0950EE2E90CA66E665 /* Pods-LoginCoreDataCryptoTests.debug.xcconfig */ = {isa = PBXFileReference; includeInIndex = 1; lastKnownFileType = text.xcconfig; name = "Pods-LoginCoreDataCryptoTests.debug.xcconfig"; path = "Target Support Files/Pods-LoginCoreDataCryptoTests/Pods-LoginCoreDataCryptoTests.debug.xcconfig"; sourceTree = "<group>"; };
		D3656FECDB3DFF2FFD5772FD /* Pods-LoginCoreDataCrypto-LoginCoreDataCryptoUITests.debug.xcconfig */ = {isa = PBXFileReference; includeInIndex = 1; lastKnownFileType = text.xcconfig; name = "Pods-LoginCoreDataCrypto-LoginCoreDataCryptoUITests.debug.xcconfig"; path = "Target Support Files/Pods-LoginCoreDataCrypto-LoginCoreDataCryptoUITests/Pods-LoginCoreDataCrypto-LoginCoreDataCryptoUITests.debug.xcconfig"; sourceTree = "<group>"; };
		E7EB3F9EC7BA4790B4C697EC /* Pods_LoginCoreDataCrypto_LoginCoreDataCryptoUITests.framework */ = {isa = PBXFileReference; explicitFileType = wrapper.framework; includeInIndex = 0; path = Pods_LoginCoreDataCrypto_LoginCoreDataCryptoUITests.framework; sourceTree = BUILT_PRODUCTS_DIR; };
		E9DB9A56DF773C8AB5B0ED28 /* Pods-LoginCoreDataCrypto-LoginCoreDataCryptoUITests.release.xcconfig */ = {isa = PBXFileReference; includeInIndex = 1; lastKnownFileType = text.xcconfig; name = "Pods-LoginCoreDataCrypto-LoginCoreDataCryptoUITests.release.xcconfig"; path = "Target Support Files/Pods-LoginCoreDataCrypto-LoginCoreDataCryptoUITests/Pods-LoginCoreDataCrypto-LoginCoreDataCryptoUITests.release.xcconfig"; sourceTree = "<group>"; };
		F99B64FDC85F54E91C25DE9E /* Pods-LoginCoreDataCrypto.debug.xcconfig */ = {isa = PBXFileReference; includeInIndex = 1; lastKnownFileType = text.xcconfig; name = "Pods-LoginCoreDataCrypto.debug.xcconfig"; path = "Target Support Files/Pods-LoginCoreDataCrypto/Pods-LoginCoreDataCrypto.debug.xcconfig"; sourceTree = "<group>"; };
/* End PBXFileReference section */

/* Begin PBXFrameworksBuildPhase section */
		489174AB2747327200199489 /* Frameworks */ = {
			isa = PBXFrameworksBuildPhase;
			buildActionMask = 2147483647;
			files = (
				951C3978EEED48BA42C290B9 /* Pods_LoginCoreDataCrypto.framework in Frameworks */,
			);
			runOnlyForDeploymentPostprocessing = 0;
		};
		489174C42747327500199489 /* Frameworks */ = {
			isa = PBXFrameworksBuildPhase;
			buildActionMask = 2147483647;
			files = (
				58F8560EB400F88D7219D76B /* Pods_LoginCoreDataCryptoTests.framework in Frameworks */,
			);
			runOnlyForDeploymentPostprocessing = 0;
		};
		489174CE2747327500199489 /* Frameworks */ = {
			isa = PBXFrameworksBuildPhase;
			buildActionMask = 2147483647;
			files = (
				1CC62BDD184D1BBA911CC817 /* Pods_LoginCoreDataCrypto_LoginCoreDataCryptoUITests.framework in Frameworks */,
			);
			runOnlyForDeploymentPostprocessing = 0;
		};
/* End PBXFrameworksBuildPhase section */

/* Begin PBXGroup section */
		3EFCE397058CC0B88F2A7DCA /* Pods */ = {
			isa = PBXGroup;
			children = (
				F99B64FDC85F54E91C25DE9E /* Pods-LoginCoreDataCrypto.debug.xcconfig */,
				37F13111884F1E98665DB8BB /* Pods-LoginCoreDataCrypto.release.xcconfig */,
				D3656FECDB3DFF2FFD5772FD /* Pods-LoginCoreDataCrypto-LoginCoreDataCryptoUITests.debug.xcconfig */,
				E9DB9A56DF773C8AB5B0ED28 /* Pods-LoginCoreDataCrypto-LoginCoreDataCryptoUITests.release.xcconfig */,
				933FCF0950EE2E90CA66E665 /* Pods-LoginCoreDataCryptoTests.debug.xcconfig */,
				43ACE8E631EEE46B1900DEEA /* Pods-LoginCoreDataCryptoTests.release.xcconfig */,
			);
			path = Pods;
			sourceTree = "<group>";
		};
		489174A52747327200199489 = {
			isa = PBXGroup;
			children = (
				489174B02747327200199489 /* LoginCoreDataCrypto */,
				489174CA2747327500199489 /* LoginCoreDataCryptoTests */,
				489174D42747327500199489 /* LoginCoreDataCryptoUITests */,
				489174AF2747327200199489 /* Products */,
				3EFCE397058CC0B88F2A7DCA /* Pods */,
				D8AED675E5B782A175317179 /* Frameworks */,
			);
			sourceTree = "<group>";
		};
		489174AF2747327200199489 /* Products */ = {
			isa = PBXGroup;
			children = (
				489174AE2747327200199489 /* LoginCoreDataCrypto.app */,
				489174C72747327500199489 /* LoginCoreDataCryptoTests.xctest */,
				489174D12747327500199489 /* LoginCoreDataCryptoUITests.xctest */,
			);
			name = Products;
			sourceTree = "<group>";
		};
		489174B02747327200199489 /* LoginCoreDataCrypto */ = {
			isa = PBXGroup;
			children = (
				489174B12747327200199489 /* AppDelegate.swift */,
				489174B32747327200199489 /* SceneDelegate.swift */,
				489174B52747327200199489 /* ViewController.swift */,
				489174BD2747327500199489 /* Assets.xcassets */,
				489174BF2747327500199489 /* LaunchScreen.storyboard */,
				489174C22747327500199489 /* Info.plist */,
				489174BA2747327200199489 /* LoginCoreDataCrypto.xcdatamodeld */,
			);
			path = LoginCoreDataCrypto;
			sourceTree = "<group>";
		};
		489174CA2747327500199489 /* LoginCoreDataCryptoTests */ = {
			isa = PBXGroup;
			children = (
				489174CB2747327500199489 /* LoginCoreDataCryptoTests.swift */,
			);
			path = LoginCoreDataCryptoTests;
			sourceTree = "<group>";
		};
		489174D42747327500199489 /* LoginCoreDataCryptoUITests */ = {
			isa = PBXGroup;
			children = (
				489174D52747327500199489 /* LoginCoreDataCryptoUITests.swift */,
				489174D72747327500199489 /* LoginCoreDataCryptoUITestsLaunchTests.swift */,
			);
			path = LoginCoreDataCryptoUITests;
			sourceTree = "<group>";
		};
		D8AED675E5B782A175317179 /* Frameworks */ = {
			isa = PBXGroup;
			children = (
				15590EDD827D9EF43AF080DF /* Pods_LoginCoreDataCrypto.framework */,
				E7EB3F9EC7BA4790B4C697EC /* Pods_LoginCoreDataCrypto_LoginCoreDataCryptoUITests.framework */,
				8FDDB6021B689FD75CCC2559 /* Pods_LoginCoreDataCryptoTests.framework */,
			);
			name = Frameworks;
			sourceTree = "<group>";
		};
/* End PBXGroup section */

/* Begin PBXNativeTarget section */
		489174AD2747327200199489 /* LoginCoreDataCrypto */ = {
			isa = PBXNativeTarget;
			buildConfigurationList = 489174DB2747327500199489 /* Build configuration list for PBXNativeTarget "LoginCoreDataCrypto" */;
			buildPhases = (
				1F79C6373FEE211EF6B29CA3 /* [CP] Check Pods Manifest.lock */,
				489174AA2747327200199489 /* Sources */,
				489174AB2747327200199489 /* Frameworks */,
				489174AC2747327200199489 /* Resources */,
				236422BA49C4272AB1A34101 /* [CP] Embed Pods Frameworks */,
			);
			buildRules = (
			);
			dependencies = (
			);
			name = LoginCoreDataCrypto;
			productName = LoginCoreDataCrypto;
			productReference = 489174AE2747327200199489 /* LoginCoreDataCrypto.app */;
			productType = "com.apple.product-type.application";
		};
		489174C62747327500199489 /* LoginCoreDataCryptoTests */ = {
			isa = PBXNativeTarget;
			buildConfigurationList = 489174DE2747327500199489 /* Build configuration list for PBXNativeTarget "LoginCoreDataCryptoTests" */;
			buildPhases = (
				BC31EF710F61B8088E897039 /* [CP] Check Pods Manifest.lock */,
				489174C32747327500199489 /* Sources */,
				489174C42747327500199489 /* Frameworks */,
				489174C52747327500199489 /* Resources */,
			);
			buildRules = (
			);
			dependencies = (
				489174C92747327500199489 /* PBXTargetDependency */,
			);
			name = LoginCoreDataCryptoTests;
			productName = LoginCoreDataCryptoTests;
			productReference = 489174C72747327500199489 /* LoginCoreDataCryptoTests.xctest */;
			productType = "com.apple.product-type.bundle.unit-test";
		};
		489174D02747327500199489 /* LoginCoreDataCryptoUITests */ = {
			isa = PBXNativeTarget;
			buildConfigurationList = 489174E12747327500199489 /* Build configuration list for PBXNativeTarget "LoginCoreDataCryptoUITests" */;
			buildPhases = (
				D6381C0E0358FD2BCBCD3FBE /* [CP] Check Pods Manifest.lock */,
				489174CD2747327500199489 /* Sources */,
				489174CE2747327500199489 /* Frameworks */,
				489174CF2747327500199489 /* Resources */,
				9A58E63110DBEB52293D66C3 /* [CP] Embed Pods Frameworks */,
			);
			buildRules = (
			);
			dependencies = (
				489174D32747327500199489 /* PBXTargetDependency */,
			);
			name = LoginCoreDataCryptoUITests;
			productName = LoginCoreDataCryptoUITests;
			productReference = 489174D12747327500199489 /* LoginCoreDataCryptoUITests.xctest */;
			productType = "com.apple.product-type.bundle.ui-testing";
		};
/* End PBXNativeTarget section */

/* Begin PBXProject section */
		489174A62747327200199489 /* Project object */ = {
			isa = PBXProject;
			attributes = {
				BuildIndependentTargetsInParallel = 1;
				LastSwiftUpdateCheck = 1310;
				LastUpgradeCheck = 1310;
				TargetAttributes = {
					489174AD2747327200199489 = {
						CreatedOnToolsVersion = 13.1;
					};
					489174C62747327500199489 = {
						CreatedOnToolsVersion = 13.1;
						TestTargetID = 489174AD2747327200199489;
					};
					489174D02747327500199489 = {
						CreatedOnToolsVersion = 13.1;
						TestTargetID = 489174AD2747327200199489;
					};
				};
			};
			buildConfigurationList = 489174A92747327200199489 /* Build configuration list for PBXProject "LoginCoreDataCrypto" */;
			compatibilityVersion = "Xcode 13.0";
			developmentRegion = en;
			hasScannedForEncodings = 0;
			knownRegions = (
				en,
				Base,
			);
			mainGroup = 489174A52747327200199489;
			productRefGroup = 489174AF2747327200199489 /* Products */;
			projectDirPath = "";
			projectRoot = "";
			targets = (
				489174AD2747327200199489 /* LoginCoreDataCrypto */,
				489174C62747327500199489 /* LoginCoreDataCryptoTests */,
				489174D02747327500199489 /* LoginCoreDataCryptoUITests */,
			);
		};
/* End PBXProject section */

/* Begin PBXResourcesBuildPhase section */
		489174AC2747327200199489 /* Resources */ = {
			isa = PBXResourcesBuildPhase;
			buildActionMask = 2147483647;
			files = (
				489174C12747327500199489 /* LaunchScreen.storyboard in Resources */,
				489174BE2747327500199489 /* Assets.xcassets in Resources */,
			);
			runOnlyForDeploymentPostprocessing = 0;
		};
		489174C52747327500199489 /* Resources */ = {
			isa = PBXResourcesBuildPhase;
			buildActionMask = 2147483647;
			files = (
			);
			runOnlyForDeploymentPostprocessing = 0;
		};
		489174CF2747327500199489 /* Resources */ = {
			isa = PBXResourcesBuildPhase;
			buildActionMask = 2147483647;
			files = (
			);
			runOnlyForDeploymentPostprocessing = 0;
		};
/* End PBXResourcesBuildPhase section */

/* Begin PBXShellScriptBuildPhase section */
		1F79C6373FEE211EF6B29CA3 /* [CP] Check Pods Manifest.lock */ = {
			isa = PBXShellScriptBuildPhase;
			buildActionMask = 2147483647;
			files = (
			);
			inputFileListPaths = (
			);
			inputPaths = (
				"${PODS_PODFILE_DIR_PATH}/Podfile.lock",
				"${PODS_ROOT}/Manifest.lock",
			);
			name = "[CP] Check Pods Manifest.lock";
			outputFileListPaths = (
			);
			outputPaths = (
				"$(DERIVED_FILE_DIR)/Pods-LoginCoreDataCrypto-checkManifestLockResult.txt",
			);
			runOnlyForDeploymentPostprocessing = 0;
			shellPath = /bin/sh;
			shellScript = "diff \"${PODS_PODFILE_DIR_PATH}/Podfile.lock\" \"${PODS_ROOT}/Manifest.lock\" > /dev/null\nif [ $? != 0 ] ; then\n    # print error to STDERR\n    echo \"error: The sandbox is not in sync with the Podfile.lock. Run 'pod install' or update your CocoaPods installation.\" >&2\n    exit 1\nfi\n# This output is used by Xcode 'outputs' to avoid re-running this script phase.\necho \"SUCCESS\" > \"${SCRIPT_OUTPUT_FILE_0}\"\n";
			showEnvVarsInLog = 0;
		};
		236422BA49C4272AB1A34101 /* [CP] Embed Pods Frameworks */ = {
			isa = PBXShellScriptBuildPhase;
			buildActionMask = 2147483647;
			files = (
			);
			inputFileListPaths = (
				"${PODS_ROOT}/Target Support Files/Pods-LoginCoreDataCrypto/Pods-LoginCoreDataCrypto-frameworks-${CONFIGURATION}-input-files.xcfilelist",
			);
			name = "[CP] Embed Pods Frameworks";
			outputFileListPaths = (
				"${PODS_ROOT}/Target Support Files/Pods-LoginCoreDataCrypto/Pods-LoginCoreDataCrypto-frameworks-${CONFIGURATION}-output-files.xcfilelist",
			);
			runOnlyForDeploymentPostprocessing = 0;
			shellPath = /bin/sh;
			shellScript = "\"${PODS_ROOT}/Target Support Files/Pods-LoginCoreDataCrypto/Pods-LoginCoreDataCrypto-frameworks.sh\"\n";
			showEnvVarsInLog = 0;
		};
		9A58E63110DBEB52293D66C3 /* [CP] Embed Pods Frameworks */ = {
			isa = PBXShellScriptBuildPhase;
			buildActionMask = 2147483647;
			files = (
			);
			inputFileListPaths = (
				"${PODS_ROOT}/Target Support Files/Pods-LoginCoreDataCrypto-LoginCoreDataCryptoUITests/Pods-LoginCoreDataCrypto-LoginCoreDataCryptoUITests-frameworks-${CONFIGURATION}-input-files.xcfilelist",
			);
			name = "[CP] Embed Pods Frameworks";
			outputFileListPaths = (
				"${PODS_ROOT}/Target Support Files/Pods-LoginCoreDataCrypto-LoginCoreDataCryptoUITests/Pods-LoginCoreDataCrypto-LoginCoreDataCryptoUITests-frameworks-${CONFIGURATION}-output-files.xcfilelist",
			);
			runOnlyForDeploymentPostprocessing = 0;
			shellPath = /bin/sh;
			shellScript = "\"${PODS_ROOT}/Target Support Files/Pods-LoginCoreDataCrypto-LoginCoreDataCryptoUITests/Pods-LoginCoreDataCrypto-LoginCoreDataCryptoUITests-frameworks.sh\"\n";
			showEnvVarsInLog = 0;
		};
		BC31EF710F61B8088E897039 /* [CP] Check Pods Manifest.lock */ = {
			isa = PBXShellScriptBuildPhase;
			buildActionMask = 2147483647;
			files = (
			);
			inputFileListPaths = (
			);
			inputPaths = (
				"${PODS_PODFILE_DIR_PATH}/Podfile.lock",
				"${PODS_ROOT}/Manifest.lock",
			);
			name = "[CP] Check Pods Manifest.lock";
			outputFileListPaths = (
			);
			outputPaths = (
				"$(DERIVED_FILE_DIR)/Pods-LoginCoreDataCryptoTests-checkManifestLockResult.txt",
			);
			runOnlyForDeploymentPostprocessing = 0;
			shellPath = /bin/sh;
			shellScript = "diff \"${PODS_PODFILE_DIR_PATH}/Podfile.lock\" \"${PODS_ROOT}/Manifest.lock\" > /dev/null\nif [ $? != 0 ] ; then\n    # print error to STDERR\n    echo \"error: The sandbox is not in sync with the Podfile.lock. Run 'pod install' or update your CocoaPods installation.\" >&2\n    exit 1\nfi\n# This output is used by Xcode 'outputs' to avoid re-running this script phase.\necho \"SUCCESS\" > \"${SCRIPT_OUTPUT_FILE_0}\"\n";
			showEnvVarsInLog = 0;
		};
		D6381C0E0358FD2BCBCD3FBE /* [CP] Check Pods Manifest.lock */ = {
			isa = PBXShellScriptBuildPhase;
			buildActionMask = 2147483647;
			files = (
			);
			inputFileListPaths = (
			);
			inputPaths = (
				"${PODS_PODFILE_DIR_PATH}/Podfile.lock",
				"${PODS_ROOT}/Manifest.lock",
			);
			name = "[CP] Check Pods Manifest.lock";
			outputFileListPaths = (
			);
			outputPaths = (
				"$(DERIVED_FILE_DIR)/Pods-LoginCoreDataCrypto-LoginCoreDataCryptoUITests-checkManifestLockResult.txt",
			);
			runOnlyForDeploymentPostprocessing = 0;
			shellPath = /bin/sh;
			shellScript = "diff \"${PODS_PODFILE_DIR_PATH}/Podfile.lock\" \"${PODS_ROOT}/Manifest.lock\" > /dev/null\nif [ $? != 0 ] ; then\n    # print error to STDERR\n    echo \"error: The sandbox is not in sync with the Podfile.lock. Run 'pod install' or update your CocoaPods installation.\" >&2\n    exit 1\nfi\n# This output is used by Xcode 'outputs' to avoid re-running this script phase.\necho \"SUCCESS\" > \"${SCRIPT_OUTPUT_FILE_0}\"\n";
			showEnvVarsInLog = 0;
		};
/* End PBXShellScriptBuildPhase section */

/* Begin PBXSourcesBuildPhase section */
		489174AA2747327200199489 /* Sources */ = {
			isa = PBXSourcesBuildPhase;
			buildActionMask = 2147483647;
			files = (
				489174B62747327200199489 /* ViewController.swift in Sources */,
				489174B22747327200199489 /* AppDelegate.swift in Sources */,
				489174BC2747327200199489 /* LoginCoreDataCrypto.xcdatamodeld in Sources */,
				489174B42747327200199489 /* SceneDelegate.swift in Sources */,
			);
			runOnlyForDeploymentPostprocessing = 0;
		};
		489174C32747327500199489 /* Sources */ = {
			isa = PBXSourcesBuildPhase;
			buildActionMask = 2147483647;
			files = (
				489174CC2747327500199489 /* LoginCoreDataCryptoTests.swift in Sources */,
			);
			runOnlyForDeploymentPostprocessing = 0;
		};
		489174CD2747327500199489 /* Sources */ = {
			isa = PBXSourcesBuildPhase;
			buildActionMask = 2147483647;
			files = (
				489174D82747327500199489 /* LoginCoreDataCryptoUITestsLaunchTests.swift in Sources */,
				489174D62747327500199489 /* LoginCoreDataCryptoUITests.swift in Sources */,
			);
			runOnlyForDeploymentPostprocessing = 0;
		};
/* End PBXSourcesBuildPhase section */

/* Begin PBXTargetDependency section */
		489174C92747327500199489 /* PBXTargetDependency */ = {
			isa = PBXTargetDependency;
			target = 489174AD2747327200199489 /* LoginCoreDataCrypto */;
			targetProxy = 489174C82747327500199489 /* PBXContainerItemProxy */;
		};
		489174D32747327500199489 /* PBXTargetDependency */ = {
			isa = PBXTargetDependency;
			target = 489174AD2747327200199489 /* LoginCoreDataCrypto */;
			targetProxy = 489174D22747327500199489 /* PBXContainerItemProxy */;
		};
/* End PBXTargetDependency section */

/* Begin PBXVariantGroup section */
		489174BF2747327500199489 /* LaunchScreen.storyboard */ = {
			isa = PBXVariantGroup;
			children = (
				489174C02747327500199489 /* Base */,
			);
			name = LaunchScreen.storyboard;
			sourceTree = "<group>";
		};
/* End PBXVariantGroup section */

/* Begin XCBuildConfiguration section */
		489174D92747327500199489 /* Debug */ = {
			isa = XCBuildConfiguration;
			buildSettings = {
				ALWAYS_SEARCH_USER_PATHS = NO;
				CLANG_ANALYZER_NONNULL = YES;
				CLANG_ANALYZER_NUMBER_OBJECT_CONVERSION = YES_AGGRESSIVE;
				CLANG_CXX_LANGUAGE_STANDARD = "gnu++17";
				CLANG_CXX_LIBRARY = "libc++";
				CLANG_ENABLE_MODULES = YES;
				CLANG_ENABLE_OBJC_ARC = YES;
				CLANG_ENABLE_OBJC_WEAK = YES;
				CLANG_WARN_BLOCK_CAPTURE_AUTORELEASING = YES;
				CLANG_WARN_BOOL_CONVERSION = YES;
				CLANG_WARN_COMMA = YES;
				CLANG_WARN_CONSTANT_CONVERSION = YES;
				CLANG_WARN_DEPRECATED_OBJC_IMPLEMENTATIONS = YES;
				CLANG_WARN_DIRECT_OBJC_ISA_USAGE = YES_ERROR;
				CLANG_WARN_DOCUMENTATION_COMMENTS = YES;
				CLANG_WARN_EMPTY_BODY = YES;
				CLANG_WARN_ENUM_CONVERSION = YES;
				CLANG_WARN_INFINITE_RECURSION = YES;
				CLANG_WARN_INT_CONVERSION = YES;
				CLANG_WARN_NON_LITERAL_NULL_CONVERSION = YES;
				CLANG_WARN_OBJC_IMPLICIT_RETAIN_SELF = YES;
				CLANG_WARN_OBJC_LITERAL_CONVERSION = YES;
				CLANG_WARN_OBJC_ROOT_CLASS = YES_ERROR;
				CLANG_WARN_QUOTED_INCLUDE_IN_FRAMEWORK_HEADER = YES;
				CLANG_WARN_RANGE_LOOP_ANALYSIS = YES;
				CLANG_WARN_STRICT_PROTOTYPES = YES;
				CLANG_WARN_SUSPICIOUS_MOVE = YES;
				CLANG_WARN_UNGUARDED_AVAILABILITY = YES_AGGRESSIVE;
				CLANG_WARN_UNREACHABLE_CODE = YES;
				CLANG_WARN__DUPLICATE_METHOD_MATCH = YES;
				COPY_PHASE_STRIP = NO;
				DEBUG_INFORMATION_FORMAT = dwarf;
				ENABLE_STRICT_OBJC_MSGSEND = YES;
				ENABLE_TESTABILITY = YES;
				GCC_C_LANGUAGE_STANDARD = gnu11;
				GCC_DYNAMIC_NO_PIC = NO;
				GCC_NO_COMMON_BLOCKS = YES;
				GCC_OPTIMIZATION_LEVEL = 0;
				GCC_PREPROCESSOR_DEFINITIONS = (
					"DEBUG=1",
					"$(inherited)",
				);
				GCC_WARN_64_TO_32_BIT_CONVERSION = YES;
				GCC_WARN_ABOUT_RETURN_TYPE = YES_ERROR;
				GCC_WARN_UNDECLARED_SELECTOR = YES;
				GCC_WARN_UNINITIALIZED_AUTOS = YES_AGGRESSIVE;
				GCC_WARN_UNUSED_FUNCTION = YES;
				GCC_WARN_UNUSED_VARIABLE = YES;
				IPHONEOS_DEPLOYMENT_TARGET = 15.0;
				MTL_ENABLE_DEBUG_INFO = INCLUDE_SOURCE;
				MTL_FAST_MATH = YES;
				ONLY_ACTIVE_ARCH = YES;
				SDKROOT = iphoneos;
				SWIFT_ACTIVE_COMPILATION_CONDITIONS = DEBUG;
				SWIFT_OPTIMIZATION_LEVEL = "-Onone";
			};
			name = Debug;
		};
		489174DA2747327500199489 /* Release */ = {
			isa = XCBuildConfiguration;
			buildSettings = {
				ALWAYS_SEARCH_USER_PATHS = NO;
				CLANG_ANALYZER_NONNULL = YES;
				CLANG_ANALYZER_NUMBER_OBJECT_CONVERSION = YES_AGGRESSIVE;
				CLANG_CXX_LANGUAGE_STANDARD = "gnu++17";
				CLANG_CXX_LIBRARY = "libc++";
				CLANG_ENABLE_MODULES = YES;
				CLANG_ENABLE_OBJC_ARC = YES;
				CLANG_ENABLE_OBJC_WEAK = YES;
				CLANG_WARN_BLOCK_CAPTURE_AUTORELEASING = YES;
				CLANG_WARN_BOOL_CONVERSION = YES;
				CLANG_WARN_COMMA = YES;
				CLANG_WARN_CONSTANT_CONVERSION = YES;
				CLANG_WARN_DEPRECATED_OBJC_IMPLEMENTATIONS = YES;
				CLANG_WARN_DIRECT_OBJC_ISA_USAGE = YES_ERROR;
				CLANG_WARN_DOCUMENTATION_COMMENTS = YES;
				CLANG_WARN_EMPTY_BODY = YES;
				CLANG_WARN_ENUM_CONVERSION = YES;
				CLANG_WARN_INFINITE_RECURSION = YES;
				CLANG_WARN_INT_CONVERSION = YES;
				CLANG_WARN_NON_LITERAL_NULL_CONVERSION = YES;
				CLANG_WARN_OBJC_IMPLICIT_RETAIN_SELF = YES;
				CLANG_WARN_OBJC_LITERAL_CONVERSION = YES;
				CLANG_WARN_OBJC_ROOT_CLASS = YES_ERROR;
				CLANG_WARN_QUOTED_INCLUDE_IN_FRAMEWORK_HEADER = YES;
				CLANG_WARN_RANGE_LOOP_ANALYSIS = YES;
				CLANG_WARN_STRICT_PROTOTYPES = YES;
				CLANG_WARN_SUSPICIOUS_MOVE = YES;
				CLANG_WARN_UNGUARDED_AVAILABILITY = YES_AGGRESSIVE;
				CLANG_WARN_UNREACHABLE_CODE = YES;
				CLANG_WARN__DUPLICATE_METHOD_MATCH = YES;
				COPY_PHASE_STRIP = NO;
				DEBUG_INFORMATION_FORMAT = "dwarf-with-dsym";
				ENABLE_NS_ASSERTIONS = NO;
				ENABLE_STRICT_OBJC_MSGSEND = YES;
				GCC_C_LANGUAGE_STANDARD = gnu11;
				GCC_NO_COMMON_BLOCKS = YES;
				GCC_WARN_64_TO_32_BIT_CONVERSION = YES;
				GCC_WARN_ABOUT_RETURN_TYPE = YES_ERROR;
				GCC_WARN_UNDECLARED_SELECTOR = YES;
				GCC_WARN_UNINITIALIZED_AUTOS = YES_AGGRESSIVE;
				GCC_WARN_UNUSED_FUNCTION = YES;
				GCC_WARN_UNUSED_VARIABLE = YES;
				IPHONEOS_DEPLOYMENT_TARGET = 15.0;
				MTL_ENABLE_DEBUG_INFO = NO;
				MTL_FAST_MATH = YES;
				SDKROOT = iphoneos;
				SWIFT_COMPILATION_MODE = wholemodule;
				SWIFT_OPTIMIZATION_LEVEL = "-O";
				VALIDATE_PRODUCT = YES;
			};
			name = Release;
		};
		489174DC2747327500199489 /* Debug */ = {
			isa = XCBuildConfiguration;
			baseConfigurationReference = F99B64FDC85F54E91C25DE9E /* Pods-LoginCoreDataCrypto.debug.xcconfig */;
			buildSettings = {
				ASSETCATALOG_COMPILER_APPICON_NAME = AppIcon;
				ASSETCATALOG_COMPILER_GLOBAL_ACCENT_COLOR_NAME = AccentColor;
				CODE_SIGN_STYLE = Automatic;
				CURRENT_PROJECT_VERSION = 1;
				DEVELOPMENT_TEAM = 6QXJQS5XM3;
				GENERATE_INFOPLIST_FILE = YES;
				INFOPLIST_FILE = LoginCoreDataCrypto/Info.plist;
				INFOPLIST_KEY_UIApplicationSupportsIndirectInputEvents = YES;
				INFOPLIST_KEY_UILaunchStoryboardName = LaunchScreen;
				INFOPLIST_KEY_UISupportedInterfaceOrientations_iPad = "UIInterfaceOrientationPortrait UIInterfaceOrientationPortraitUpsideDown UIInterfaceOrientationLandscapeLeft UIInterfaceOrientationLandscapeRight";
				INFOPLIST_KEY_UISupportedInterfaceOrientations_iPhone = "UIInterfaceOrientationPortrait UIInterfaceOrientationLandscapeLeft UIInterfaceOrientationLandscapeRight";
				LD_RUNPATH_SEARCH_PATHS = (
					"$(inherited)",
					"@executable_path/Frameworks",
				);
				MARKETING_VERSION = 1.0;
				PRODUCT_BUNDLE_IDENTIFIER = nn.LoginCoreDataCrypto;
				PRODUCT_NAME = "$(TARGET_NAME)";
				SWIFT_EMIT_LOC_STRINGS = YES;
				SWIFT_VERSION = 5.0;
				TARGETED_DEVICE_FAMILY = "1,2";
			};
			name = Debug;
		};
		489174DD2747327500199489 /* Release */ = {
			isa = XCBuildConfiguration;
			baseConfigurationReference = 37F13111884F1E98665DB8BB /* Pods-LoginCoreDataCrypto.release.xcconfig */;
			buildSettings = {
				ASSETCATALOG_COMPILER_APPICON_NAME = AppIcon;
				ASSETCATALOG_COMPILER_GLOBAL_ACCENT_COLOR_NAME = AccentColor;
				CODE_SIGN_STYLE = Automatic;
				CURRENT_PROJECT_VERSION = 1;
				DEVELOPMENT_TEAM = 6QXJQS5XM3;
				GENERATE_INFOPLIST_FILE = YES;
				INFOPLIST_FILE = LoginCoreDataCrypto/Info.plist;
				INFOPLIST_KEY_UIApplicationSupportsIndirectInputEvents = YES;
				INFOPLIST_KEY_UILaunchStoryboardName = LaunchScreen;
				INFOPLIST_KEY_UISupportedInterfaceOrientations_iPad = "UIInterfaceOrientationPortrait UIInterfaceOrientationPortraitUpsideDown UIInterfaceOrientationLandscapeLeft UIInterfaceOrientationLandscapeRight";
				INFOPLIST_KEY_UISupportedInterfaceOrientations_iPhone = "UIInterfaceOrientationPortrait UIInterfaceOrientationLandscapeLeft UIInterfaceOrientationLandscapeRight";
				LD_RUNPATH_SEARCH_PATHS = (
					"$(inherited)",
					"@executable_path/Frameworks",
				);
				MARKETING_VERSION = 1.0;
				PRODUCT_BUNDLE_IDENTIFIER = nn.LoginCoreDataCrypto;
				PRODUCT_NAME = "$(TARGET_NAME)";
				SWIFT_EMIT_LOC_STRINGS = YES;
				SWIFT_VERSION = 5.0;
				TARGETED_DEVICE_FAMILY = "1,2";
			};
			name = Release;
		};
		489174DF2747327500199489 /* Debug */ = {
			isa = XCBuildConfiguration;
			baseConfigurationReference = 933FCF0950EE2E90CA66E665 /* Pods-LoginCoreDataCryptoTests.debug.xcconfig */;
			buildSettings = {
				ALWAYS_EMBED_SWIFT_STANDARD_LIBRARIES = YES;
				BUNDLE_LOADER = "$(TEST_HOST)";
				CODE_SIGN_STYLE = Automatic;
				CURRENT_PROJECT_VERSION = 1;
				DEVELOPMENT_TEAM = 6QXJQS5XM3;
				GENERATE_INFOPLIST_FILE = YES;
				IPHONEOS_DEPLOYMENT_TARGET = 15.0;
				LD_RUNPATH_SEARCH_PATHS = (
					"$(inherited)",
					"@executable_path/Frameworks",
					"@loader_path/Frameworks",
				);
				MARKETING_VERSION = 1.0;
				PRODUCT_BUNDLE_IDENTIFIER = nn.LoginCoreDataCryptoTests;
				PRODUCT_NAME = "$(TARGET_NAME)";
				SWIFT_EMIT_LOC_STRINGS = NO;
				SWIFT_VERSION = 5.0;
				TARGETED_DEVICE_FAMILY = "1,2";
				TEST_HOST = "$(BUILT_PRODUCTS_DIR)/LoginCoreDataCrypto.app/LoginCoreDataCrypto";
			};
			name = Debug;
		};
		489174E02747327500199489 /* Release */ = {
			isa = XCBuildConfiguration;
			baseConfigurationReference = 43ACE8E631EEE46B1900DEEA /* Pods-LoginCoreDataCryptoTests.release.xcconfig */;
			buildSettings = {
				ALWAYS_EMBED_SWIFT_STANDARD_LIBRARIES = YES;
				BUNDLE_LOADER = "$(TEST_HOST)";
				CODE_SIGN_STYLE = Automatic;
				CURRENT_PROJECT_VERSION = 1;
				DEVELOPMENT_TEAM = 6QXJQS5XM3;
				GENERATE_INFOPLIST_FILE = YES;
				IPHONEOS_DEPLOYMENT_TARGET = 15.0;
				LD_RUNPATH_SEARCH_PATHS = (
					"$(inherited)",
					"@executable_path/Frameworks",
					"@loader_path/Frameworks",
				);
				MARKETING_VERSION = 1.0;
				PRODUCT_BUNDLE_IDENTIFIER = nn.LoginCoreDataCryptoTests;
				PRODUCT_NAME = "$(TARGET_NAME)";
				SWIFT_EMIT_LOC_STRINGS = NO;
				SWIFT_VERSION = 5.0;
				TARGETED_DEVICE_FAMILY = "1,2";
				TEST_HOST = "$(BUILT_PRODUCTS_DIR)/LoginCoreDataCrypto.app/LoginCoreDataCrypto";
			};
			name = Release;
		};
		489174E22747327500199489 /* Debug */ = {
			isa = XCBuildConfiguration;
			baseConfigurationReference = D3656FECDB3DFF2FFD5772FD /* Pods-LoginCoreDataCrypto-LoginCoreDataCryptoUITests.debug.xcconfig */;
			buildSettings = {
				ALWAYS_EMBED_SWIFT_STANDARD_LIBRARIES = YES;
				CODE_SIGN_STYLE = Automatic;
				CURRENT_PROJECT_VERSION = 1;
				DEVELOPMENT_TEAM = 6QXJQS5XM3;
				GENERATE_INFOPLIST_FILE = YES;
				LD_RUNPATH_SEARCH_PATHS = (
					"$(inherited)",
					"@executable_path/Frameworks",
					"@loader_path/Frameworks",
				);
				MARKETING_VERSION = 1.0;
				PRODUCT_BUNDLE_IDENTIFIER = nn.LoginCoreDataCryptoUITests;
				PRODUCT_NAME = "$(TARGET_NAME)";
				SWIFT_EMIT_LOC_STRINGS = NO;
				SWIFT_VERSION = 5.0;
				TARGETED_DEVICE_FAMILY = "1,2";
				TEST_TARGET_NAME = LoginCoreDataCrypto;
			};
			name = Debug;
		};
		489174E32747327500199489 /* Release */ = {
			isa = XCBuildConfiguration;
			baseConfigurationReference = E9DB9A56DF773C8AB5B0ED28 /* Pods-LoginCoreDataCrypto-LoginCoreDataCryptoUITests.release.xcconfig */;
			buildSettings = {
				ALWAYS_EMBED_SWIFT_STANDARD_LIBRARIES = YES;
				CODE_SIGN_STYLE = Automatic;
				CURRENT_PROJECT_VERSION = 1;
				DEVELOPMENT_TEAM = 6QXJQS5XM3;
				GENERATE_INFOPLIST_FILE = YES;
				LD_RUNPATH_SEARCH_PATHS = (
					"$(inherited)",
					"@executable_path/Frameworks",
					"@loader_path/Frameworks",
				);
				MARKETING_VERSION = 1.0;
				PRODUCT_BUNDLE_IDENTIFIER = nn.LoginCoreDataCryptoUITests;
				PRODUCT_NAME = "$(TARGET_NAME)";
				SWIFT_EMIT_LOC_STRINGS = NO;
				SWIFT_VERSION = 5.0;
				TARGETED_DEVICE_FAMILY = "1,2";
				TEST_TARGET_NAME = LoginCoreDataCrypto;
			};
			name = Release;
		};
/* End XCBuildConfiguration section */

/* Begin XCConfigurationList section */
		489174A92747327200199489 /* Build configuration list for PBXProject "LoginCoreDataCrypto" */ = {
			isa = XCConfigurationList;
			buildConfigurations = (
				489174D92747327500199489 /* Debug */,
				489174DA2747327500199489 /* Release */,
			);
			defaultConfigurationIsVisible = 0;
			defaultConfigurationName = Release;
		};
		489174DB2747327500199489 /* Build configuration list for PBXNativeTarget "LoginCoreDataCrypto" */ = {
			isa = XCConfigurationList;
			buildConfigurations = (
				489174DC2747327500199489 /* Debug */,
				489174DD2747327500199489 /* Release */,
			);
			defaultConfigurationIsVisible = 0;
			defaultConfigurationName = Release;
		};
		489174DE2747327500199489 /* Build configuration list for PBXNativeTarget "LoginCoreDataCryptoTests" */ = {
			isa = XCConfigurationList;
			buildConfigurations = (
				489174DF2747327500199489 /* Debug */,
				489174E02747327500199489 /* Release */,
			);
			defaultConfigurationIsVisible = 0;
			defaultConfigurationName = Release;
		};
		489174E12747327500199489 /* Build configuration list for PBXNativeTarget "LoginCoreDataCryptoUITests" */ = {
			isa = XCConfigurationList;
			buildConfigurations = (
				489174E22747327500199489 /* Debug */,
				489174E32747327500199489 /* Release */,
			);
			defaultConfigurationIsVisible = 0;
			defaultConfigurationName = Release;
		};
/* End XCConfigurationList section */

/* Begin XCVersionGroup section */
		489174BA2747327200199489 /* LoginCoreDataCrypto.xcdatamodeld */ = {
			isa = XCVersionGroup;
			children = (
				489174BB2747327200199489 /* LoginCoreDataCrypto.xcdatamodel */,
			);
			currentVersion = 489174BB2747327200199489 /* LoginCoreDataCrypto.xcdatamodel */;
			path = LoginCoreDataCrypto.xcdatamodeld;
			sourceTree = "<group>";
			versionGroupType = wrapper.xcdatamodel;
		};
/* End XCVersionGroup section */
	};
	rootObject = 489174A62747327200199489 /* Project object */;
}
